// !$*UTF8*$!
{
	archiveVersion = 1;
	classes = {
	};
	objectVersion = 77;
	objects = {

/* Begin PBXBuildFile section */
		55F774B89EA328AA195A28B2 /* libPods-YKService.a in Frameworks */ = {isa = PBXBuildFile; fileRef = 37A96B74FCF040F828C0D19A /* libPods-YKService.a */; };
		730036BE2EBB12E800E86F99 /* YKServiceIOSurface.m in Sources */ = {isa = PBXBuildFile; fileRef = 730036BD2EBB12E800E86F99 /* YKServiceIOSurface.m */; };
		730036C12EBB14E700E86F99 /* YKServiceFileManager.m in Sources */ = {isa = PBXBuildFile; fileRef = 730036C02EBB14E700E86F99 /* YKServiceFileManager.m */; };
		73105DE92E8A4BC90057651F /* YKArchive.mm in Sources */ = {isa = PBXBuildFile; fileRef = 73105DE82E8A4BC90057651F /* YKArchive.mm */; };
		73105E442E9895630057651F /* YKPictureManager.m in Sources */ = {isa = PBXBuildFile; fileRef = 73105E432E9895630057651F /* YKPictureManager.m */; };
		73105E462E98BFA40057651F /* Photos.framework in Frameworks */ = {isa = PBXBuildFile; fileRef = 73105E452E98BFA40057651F /* Photos.framework */; };
		7340EAB22E7652AA00AF70D9 /* libroothide.tbd in Frameworks */ = {isa = PBXBuildFile; fileRef = 7340EAAE2E7652AA00AF70D9 /* libroothide.tbd */; settings = {ATTRIBUTES = (Weak, ); }; };
		7340EAB92E76532700AF70D9 /* YKServiceFileLogger.m in Sources */ = {isa = PBXBuildFile; fileRef = 7340EAB82E76532700AF70D9 /* YKServiceFileLogger.m */; };
		7340EABE2E7653C600AF70D9 /* YKService.mm in Sources */ = {isa = PBXBuildFile; fileRef = 7340EABD2E7653C600AF70D9 /* YKService.mm */; };
		7340EAC12E7654BB00AF70D9 /* YKServiceRemoteController.m in Sources */ = {isa = PBXBuildFile; fileRef = 7340EAC02E7654BB00AF70D9 /* YKServiceRemoteController.m */; };
		7340EAC42E76553F00AF70D9 /* YKServiceVideoController.m in Sources */ = {isa = PBXBuildFile; fileRef = 7340EAC32E76553F00AF70D9 /* YKServiceVideoController.m */; };
		7340EAD62E7657C100AF70D9 /* CoreMedia.framework in Frameworks */ = {isa = PBXBuildFile; fileRef = 7340EAD52E7657C100AF70D9 /* CoreMedia.framework */; };
		7340EAD82E7657C600AF70D9 /* CoreVideo.framework in Frameworks */ = {isa = PBXBuildFile; fileRef = 7340EAD72E7657C600AF70D9 /* CoreVideo.framework */; };
		7340EADA2E7657CE00AF70D9 /* VideoToolbox.framework in Frameworks */ = {isa = PBXBuildFile; fileRef = 7340EAD92E7657CE00AF70D9 /* VideoToolbox.framework */; };
		7340EADC2E7657D400AF70D9 /* Security.framework in Frameworks */ = {isa = PBXBuildFile; fileRef = 7340EADB2E7657D400AF70D9 /* Security.framework */; };
		7340EADE2E7657D900AF70D9 /* CFNetwork.framework in Frameworks */ = {isa = PBXBuildFile; fileRef = 7340EADD2E7657D900AF70D9 /* CFNetwork.framework */; };
		7340EAE02E7657DF00AF70D9 /* libz.tbd in Frameworks */ = {isa = PBXBuildFile; fileRef = 7340EADF2E7657DF00AF70D9 /* libz.tbd */; };
		7340EAE22E7657E700AF70D9 /* MobileCoreServices.framework in Frameworks */ = {isa = PBXBuildFile; fileRef = 7340EAE12E7657E700AF70D9 /* MobileCoreServices.framework */; };
		7340EAE42E7657F200AF70D9 /* CoreFoundation.framework in Frameworks */ = {isa = PBXBuildFile; fileRef = 7340EAE32E7657F200AF70D9 /* CoreFoundation.framework */; };
		7340EAE62E7657F700AF70D9 /* IOKit.framework in Frameworks */ = {isa = PBXBuildFile; fileRef = 7340EAE52E7657F700AF70D9 /* IOKit.framework */; };
		7340EAE82E76580C00AF70D9 /* CoreTelephony.framework in Frameworks */ = {isa = PBXBuildFile; fileRef = 7340EAE72E76580C00AF70D9 /* CoreTelephony.framework */; };
		7340EAEA2E76581200AF70D9 /* UIKit.framework in Frameworks */ = {isa = PBXBuildFile; fileRef = 7340EAE92E76581200AF70D9 /* UIKit.framework */; };
		7340EAEC2E76581600AF70D9 /* Foundation.framework in Frameworks */ = {isa = PBXBuildFile; fileRef = 7340EAEB2E76581600AF70D9 /* Foundation.framework */; };
		7340EAEE2E76582000AF70D9 /* CoreServices.framework in Frameworks */ = {isa = PBXBuildFile; fileRef = 7340EAED2E76582000AF70D9 /* CoreServices.framework */; };
		7340EB562E7683FD00AF70D9 /* YKSimulator.m in Sources */ = {isa = PBXBuildFile; fileRef = 7340EB532E7683FD00AF70D9 /* YKSimulator.m */; };
		7340EB572E7683FD00AF70D9 /* YKTouch.m in Sources */ = {isa = PBXBuildFile; fileRef = 7340EB552E7683FD00AF70D9 /* YKTouch.m */; };
		7340EB582E7683FD00AF70D9 /* YKKeyMap.m in Sources */ = {isa = PBXBuildFile; fileRef = 7340EB512E7683FD00AF70D9 /* YKKeyMap.m */; };
		7340EB5C2E76855800AF70D9 /* YKPortScanWIFI.m in Sources */ = {isa = PBXBuildFile; fileRef = 7340EB5B2E76855800AF70D9 /* YKPortScanWIFI.m */; };
		7340EB602E76871700AF70D9 /* YKReachability.m in Sources */ = {isa = PBXBuildFile; fileRef = 7340EB5F2E76871700AF70D9 /* YKReachability.m */; };
		7340EB622E7687D200AF70D9 /* SystemConfiguration.framework in Frameworks */ = {isa = PBXBuildFile; fileRef = 7340EB612E7687D200AF70D9 /* SystemConfiguration.framework */; };
		7340EB692E768B5E00AF70D9 /* YKPortScanManager.m in Sources */ = {isa = PBXBuildFile; fileRef = 7340EB682E768B5E00AF70D9 /* YKPortScanManager.m */; };
		7340EB6D2E77AB3D00AF70D9 /* YKLockProcess.m in Sources */ = {isa = PBXBuildFile; fileRef = 7340EB6C2E77AB3D00AF70D9 /* YKLockProcess.m */; };
		7370CC6D2F230872009C5919 /* YKKBDManager.m in Sources */ = {isa = PBXBuildFile; fileRef = 7370CC6C2F230872009C5919 /* YKKBDManager.m */; };
		73A0BD282EDD8C3500A39757 /* YKServiceEncrypt.mm in Sources */ = {isa = PBXBuildFile; fileRef = 73A0BD272EDD8C3500A39757 /* YKServiceEncrypt.mm */; };
		73A0BDD72EE184BA00A39757 /* YKOrientationObserver.m in Sources */ = {isa = PBXBuildFile; fileRef = 73A0BDD62EE184BA00A39757 /* YKOrientationObserver.m */; };
		73AE0C402EFF7847004D8AF8 /* YKServiceModel.m in Sources */ = {isa = PBXBuildFile; fileRef = 73AE0C3F2EFF7847004D8AF8 /* YKServiceModel.m */; };
		73AFABB82EA7536B00EFDF5F /* libsqlite3.tbd in Frameworks */ = {isa = PBXBuildFile; fileRef = 73AFABB72EA7536B00EFDF5F /* libsqlite3.tbd */; };
		73DB64922E78F42D0089784C /* YKServiceShell.mm in Sources */ = {isa = PBXBuildFile; fileRef = 73DB64912E78F42D0089784C /* YKServiceShell.mm */; };
		73DB64F22E7A4B910089784C /* YKIPCKey.framework in Frameworks */ = {isa = PBXBuildFile; fileRef = 73DB64F12E7A4B910089784C /* YKIPCKey.framework */; };
		73DB64F42E7A4B940089784C /* YKXPC.framework in Frameworks */ = {isa = PBXBuildFile; fileRef = 73DB64F32E7A4B940089784C /* YKXPC.framework */; };
		73DB64F72E7A4BB40089784C /* YKServiceIPCController.m in Sources */ = {isa = PBXBuildFile; fileRef = 73DB64F62E7A4BB40089784C /* YKServiceIPCController.m */; };
		73DB66A22E829A940089784C /* libc++.tbd in Frameworks */ = {isa = PBXBuildFile; fileRef = 73DB66A12E829A940089784C /* libc++.tbd */; };
		73DB66D62E8395AA0089784C /* libiconv.tbd in Frameworks */ = {isa = PBXBuildFile; fileRef = 73DB66D52E8395AA0089784C /* libiconv.tbd */; };
		73DB67272E84CBBA0089784C /* ImageIO.framework in Frameworks */ = {isa = PBXBuildFile; fileRef = 73DB67262E84CBBA0089784C /* ImageIO.framework */; };
		73DB67292E84CBC20089784C /* CoreGraphics.framework in Frameworks */ = {isa = PBXBuildFile; fileRef = 73DB67282E84CBC20089784C /* CoreGraphics.framework */; };
		73DB672B2E84CBDC0089784C /* CoreImage.framework in Frameworks */ = {isa = PBXBuildFile; fileRef = 73DB672A2E84CBDC0089784C /* CoreImage.framework */; };
		73DB67702E88C5850089784C /* YKFileReaderManager.m in Sources */ = {isa = PBXBuildFile; fileRef = 73DB676F2E88C5850089784C /* YKFileReaderManager.m */; };
		73DB67762E88DB1E0089784C /* YKFileDownloadSocket.m in Sources */ = {isa = PBXBuildFile; fileRef = 73DB67752E88DB1E0089784C /* YKFileDownloadSocket.m */; };
		73DB677A2E88DD310089784C /* YKFileDownloadModel.m in Sources */ = {isa = PBXBuildFile; fileRef = 73DB67792E88DD310089784C /* YKFileDownloadModel.m */; };
		73DB677E2E88EC1E0089784C /* YKFileUploadModel.m in Sources */ = {isa = PBXBuildFile; fileRef = 73DB677D2E88EC1E0089784C /* YKFileUploadModel.m */; };
		73DB67812E88FAAF0089784C /* YKFileUploadSocket.m in Sources */ = {isa = PBXBuildFile; fileRef = 73DB67802E88FAAF0089784C /* YKFileUploadSocket.m */; };
		73DCE37D2F0F8AFA006740F4 /* YKCrashLogs.mm in Sources */ = {isa = PBXBuildFile; fileRef = 73DCE37C2F0F8AFA006740F4 /* YKCrashLogs.mm */; };
		800B21762EFEC6800070155F /* YKAppSafeGuard.mm in Sources */ = {isa = PBXBuildFile; fileRef = 800B21752EFEC6800070155F /* YKAppSafeGuard.mm */; };
		803587672E7E43E800098740 /* YKServiceTool.m in Sources */ = {isa = PBXBuildFile; fileRef = 803587662E7E43E800098740 /* YKServiceTool.m */; };
		8035876A2E7E8DA400098740 /* YKClientHeartBeat.m in Sources */ = {isa = PBXBuildFile; fileRef = 803587692E7E8DA400098740 /* YKClientHeartBeat.m */; };
		8035877A2E86AC4F00098740 /* YKScreenLockedStatus.m in Sources */ = {isa = PBXBuildFile; fileRef = 803587792E86AC4F00098740 /* YKScreenLockedStatus.m */; };
		803587A32E87B68A00098740 /* YKFileWriteManager.m in Sources */ = {isa = PBXBuildFile; fileRef = 803587A22E87B68A00098740 /* YKFileWriteManager.m */; };
		803587A62E87BDD700098740 /* YKFileTransferManager.m in Sources */ = {isa = PBXBuildFile; fileRef = 803587A52E87BDD700098740 /* YKFileTransferManager.m */; };
		8041860B2F2503CE00D223C6 /* YKListeningRingerState.m in Sources */ = {isa = PBXBuildFile; fileRef = 8041860A2F2503CE00D223C6 /* YKListeningRingerState.m */; };
		805C3E692E799C890032F8B2 /* YKClientSocket.m in Sources */ = {isa = PBXBuildFile; fileRef = 805C3E682E799C890032F8B2 /* YKClientSocket.m */; };
		805C3E6F2E799ED80032F8B2 /* YKClientSocketWIFI.m in Sources */ = {isa = PBXBuildFile; fileRef = 805C3E6E2E799ED80032F8B2 /* YKClientSocketWIFI.m */; };
		806483622E76E77D0049DFB2 /* YKScreenCapturer.m in Sources */ = {isa = PBXBuildFile; fileRef = 806483612E76E77D0049DFB2 /* YKScreenCapturer.m */; };
		8064836B2E76F3130049DFB2 /* IOSurface.framework in Frameworks */ = {isa = PBXBuildFile; fileRef = 8064836A2E76F3130049DFB2 /* IOSurface.framework */; };
		8064836D2E76F3340049DFB2 /* QuartzCore.framework in Frameworks */ = {isa = PBXBuildFile; fileRef = 8064836C2E76F3340049DFB2 /* QuartzCore.framework */; };
		8074519C2F2CE98E00834B75 /* YKConnectionContext.m in Sources */ = {isa = PBXBuildFile; fileRef = 8074519B2F2CE98E00834B75 /* YKConnectionContext.m */; };
		807451A02F2E191A00834B75 /* YKAppNetworkFix.m in Sources */ = {isa = PBXBuildFile; fileRef = 8074519F2F2E191A00834B75 /* YKAppNetworkFix.m */; };
		80779A032EAF65A600ED91F6 /* YKServiceScreenBufferController.m in Sources */ = {isa = PBXBuildFile; fileRef = 80779A022EAF65A600ED91F6 /* YKServiceScreenBufferController.m */; };
		809A25DD2E93F1AD00335266 /* YKRegexHelper.m in Sources */ = {isa = PBXBuildFile; fileRef = 809A25DC2E93F1AD00335266 /* YKRegexHelper.m */; };
		809A25E02E940A1000335266 /* YKClientSocketUSB.m in Sources */ = {isa = PBXBuildFile; fileRef = 809A25DF2E940A1000335266 /* YKClientSocketUSB.m */; };
		809A25E72E9629CB00335266 /* YKRecorder.m in Sources */ = {isa = PBXBuildFile; fileRef = 809A25E62E9629CB00335266 /* YKRecorder.m */; };
		809A25EA2E96925B00335266 /* YKRecorderRunner.m in Sources */ = {isa = PBXBuildFile; fileRef = 809A25E92E96925B00335266 /* YKRecorderRunner.m */; };
		80A25CF42E9FD20A00060DD6 /* YKApplicationManager.mm in Sources */ = {isa = PBXBuildFile; fileRef = 80A25CF32E9FD20A00060DD6 /* YKApplicationManager.mm */; };
		80B76A6E2EDC031F00891851 /* YKWebSocket.m in Sources */ = {isa = PBXBuildFile; fileRef = 80B76A6D2EDC031F00891851 /* YKWebSocket.m */; };
		80B76A7D2EDC5C8D00891851 /* AVFoundation.framework in Frameworks */ = {isa = PBXBuildFile; fileRef = 80B76A7C2EDC5C8D00891851 /* AVFoundation.framework */; };
		80B76A7F2EDC5CA700891851 /* CoreAudio.framework in Frameworks */ = {isa = PBXBuildFile; fileRef = 80B76A7E2EDC5CA700891851 /* CoreAudio.framework */; };
		80B76A812EDC5CF500891851 /* Network.framework in Frameworks */ = {isa = PBXBuildFile; fileRef = 80B76A802EDC5CF500891851 /* Network.framework */; };
		80C20C782EF7F6E300773DC3 /* openssl.xcframework in Frameworks */ = {isa = PBXBuildFile; fileRef = 80C20C772EF7F6E300773DC3 /* openssl.xcframework */; };
/* End PBXBuildFile section */

/* Begin PBXFileReference section */
		37A96B74FCF040F828C0D19A /* libPods-YKService.a */ = {isa = PBXFileReference; explicitFileType = archive.ar; includeInIndex = 0; path = "libPods-YKService.a"; sourceTree = BUILT_PRODUCTS_DIR; };
		730036BC2EBB12E800E86F99 /* YKServiceIOSurface.h */ = {isa = PBXFileReference; lastKnownFileType = sourcecode.c.h; path = YKServiceIOSurface.h; sourceTree = "<group>"; };
		730036BD2EBB12E800E86F99 /* YKServiceIOSurface.m */ = {isa = PBXFileReference; lastKnownFileType = sourcecode.c.objc; path = YKServiceIOSurface.m; sourceTree = "<group>"; };
		730036BF2EBB14E700E86F99 /* YKServiceFileManager.h */ = {isa = PBXFileReference; lastKnownFileType = sourcecode.c.h; path = YKServiceFileManager.h; sourceTree = "<group>"; };
		730036C02EBB14E700E86F99 /* YKServiceFileManager.m */ = {isa = PBXFileReference; lastKnownFileType = sourcecode.c.objc; path = YKServiceFileManager.m; sourceTree = "<group>"; };
		73105DE72E8A4BC90057651F /* YKArchive.h */ = {isa = PBXFileReference; lastKnownFileType = sourcecode.c.h; path = YKArchive.h; sourceTree = "<group>"; };
		73105DE82E8A4BC90057651F /* YKArchive.mm */ = {isa = PBXFileReference; lastKnownFileType = sourcecode.cpp.objcpp; path = YKArchive.mm; sourceTree = "<group>"; };
		73105E422E9895630057651F /* YKPictureManager.h */ = {isa = PBXFileReference; lastKnownFileType = sourcecode.c.h; path = YKPictureManager.h; sourceTree = "<group>"; };
		73105E432E9895630057651F /* YKPictureManager.m */ = {isa = PBXFileReference; lastKnownFileType = sourcecode.c.objc; path = YKPictureManager.m; sourceTree = "<group>"; };
		73105E452E98BFA40057651F /* Photos.framework */ = {isa = PBXFileReference; lastKnownFileType = wrapper.framework; name = Photos.framework; path = System/Library/Frameworks/Photos.framework; sourceTree = SDKROOT; };
		7340EA8F2E76527300AF70D9 /* YKService.app */ = {isa = PBXFileReference; explicitFileType = wrapper.application; includeInIndex = 0; path = YKService.app; sourceTree = BUILT_PRODUCTS_DIR; };
		7340EAAE2E7652AA00AF70D9 /* libroothide.tbd */ = {isa = PBXFileReference; lastKnownFileType = "sourcecode.text-based-dylib-definition"; path = libroothide.tbd; sourceTree = "<group>"; };
		7340EAAF2E7652AA00AF70D9 /* module.modulemap */ = {isa = PBXFileReference; lastKnownFileType = "sourcecode.module-map"; path = module.modulemap; sourceTree = "<group>"; };
		7340EAB02E7652AA00AF70D9 /* roothide.h */ = {isa = PBXFileReference; lastKnownFileType = sourcecode.c.h; path = roothide.h; sourceTree = "<group>"; };
		7340EAB12E7652AA00AF70D9 /* stub.h */ = {isa = PBXFileReference; lastKnownFileType = sourcecode.c.h; path = stub.h; sourceTree = "<group>"; };
		7340EAB42E76530400AF70D9 /* YKServiceLogger.h */ = {isa = PBXFileReference; lastKnownFileType = sourcecode.c.h; path = YKServiceLogger.h; sourceTree = "<group>"; };
		7340EAB72E76532700AF70D9 /* YKServiceFileLogger.h */ = {isa = PBXFileReference; lastKnownFileType = sourcecode.c.h; path = YKServiceFileLogger.h; sourceTree = "<group>"; };
		7340EAB82E76532700AF70D9 /* YKServiceFileLogger.m */ = {isa = PBXFileReference; lastKnownFileType = sourcecode.c.objc; path = YKServiceFileLogger.m; sourceTree = "<group>"; };
		7340EABC2E7653C600AF70D9 /* YKService.h */ = {isa = PBXFileReference; lastKnownFileType = sourcecode.c.h; path = YKService.h; sourceTree = "<group>"; };
		7340EABD2E7653C600AF70D9 /* YKService.mm */ = {isa = PBXFileReference; lastKnownFileType = sourcecode.cpp.objcpp; path = YKService.mm; sourceTree = "<group>"; };
		7340EABF2E7654BB00AF70D9 /* YKServiceRemoteController.h */ = {isa = PBXFileReference; lastKnownFileType = sourcecode.c.h; path = YKServiceRemoteController.h; sourceTree = "<group>"; };
		7340EAC02E7654BB00AF70D9 /* YKServiceRemoteController.m */ = {isa = PBXFileReference; lastKnownFileType = sourcecode.c.objc; path = YKServiceRemoteController.m; sourceTree = "<group>"; };
		7340EAC22E76553F00AF70D9 /* YKServiceVideoController.h */ = {isa = PBXFileReference; lastKnownFileType = sourcecode.c.h; path = YKServiceVideoController.h; sourceTree = "<group>"; };
		7340EAC32E76553F00AF70D9 /* YKServiceVideoController.m */ = {isa = PBXFileReference; lastKnownFileType = sourcecode.c.objc; path = YKServiceVideoController.m; sourceTree = "<group>"; };
		7340EAD52E7657C100AF70D9 /* CoreMedia.framework */ = {isa = PBXFileReference; lastKnownFileType = wrapper.framework; name = CoreMedia.framework; path = System/Library/Frameworks/CoreMedia.framework; sourceTree = SDKROOT; };
		7340EAD72E7657C600AF70D9 /* CoreVideo.framework */ = {isa = PBXFileReference; lastKnownFileType = wrapper.framework; name = CoreVideo.framework; path = System/Library/Frameworks/CoreVideo.framework; sourceTree = SDKROOT; };
		7340EAD92E7657CE00AF70D9 /* VideoToolbox.framework */ = {isa = PBXFileReference; lastKnownFileType = wrapper.framework; name = VideoToolbox.framework; path = System/Library/Frameworks/VideoToolbox.framework; sourceTree = SDKROOT; };
		7340EADB2E7657D400AF70D9 /* Security.framework */ = {isa = PBXFileReference; lastKnownFileType = wrapper.framework; name = Security.framework; path = System/Library/Frameworks/Security.framework; sourceTree = SDKROOT; };
		7340EADD2E7657D900AF70D9 /* CFNetwork.framework */ = {isa = PBXFileReference; lastKnownFileType = wrapper.framework; name = CFNetwork.framework; path = System/Library/Frameworks/CFNetwork.framework; sourceTree = SDKROOT; };
		7340EADF2E7657DF00AF70D9 /* libz.tbd */ = {isa = PBXFileReference; lastKnownFileType = "sourcecode.text-based-dylib-definition"; name = libz.tbd; path = usr/lib/libz.tbd; sourceTree = SDKROOT; };
		7340EAE12E7657E700AF70D9 /* MobileCoreServices.framework */ = {isa = PBXFileReference; lastKnownFileType = wrapper.framework; name = MobileCoreServices.framework; path = System/Library/Frameworks/MobileCoreServices.framework; sourceTree = SDKROOT; };
		7340EAE32E7657F200AF70D9 /* CoreFoundation.framework */ = {isa = PBXFileReference; lastKnownFileType = wrapper.framework; name = CoreFoundation.framework; path = System/Library/Frameworks/CoreFoundation.framework; sourceTree = SDKROOT; };
		7340EAE52E7657F700AF70D9 /* IOKit.framework */ = {isa = PBXFileReference; lastKnownFileType = wrapper.framework; name = IOKit.framework; path = System/Library/Frameworks/IOKit.framework; sourceTree = SDKROOT; };
		7340EAE72E76580C00AF70D9 /* CoreTelephony.framework */ = {isa = PBXFileReference; lastKnownFileType = wrapper.framework; name = CoreTelephony.framework; path = System/Library/Frameworks/CoreTelephony.framework; sourceTree = SDKROOT; };
		7340EAE92E76581200AF70D9 /* UIKit.framework */ = {isa = PBXFileReference; lastKnownFileType = wrapper.framework; name = UIKit.framework; path = System/Library/Frameworks/UIKit.framework; sourceTree = SDKROOT; };
		7340EAEB2E76581600AF70D9 /* Foundation.framework */ = {isa = PBXFileReference; lastKnownFileType = wrapper.framework; name = Foundation.framework; path = System/Library/Frameworks/Foundation.framework; sourceTree = SDKROOT; };
		7340EAED2E76582000AF70D9 /* CoreServices.framework */ = {isa = PBXFileReference; lastKnownFileType = wrapper.framework; name = CoreServices.framework; path = System/Library/Frameworks/CoreServices.framework; sourceTree = SDKROOT; };
		7340EB502E7683FD00AF70D9 /* YKKeyMap.h */ = {isa = PBXFileReference; lastKnownFileType = sourcecode.c.h; path = YKKeyMap.h; sourceTree = "<group>"; };
		7340EB512E7683FD00AF70D9 /* YKKeyMap.m */ = {isa = PBXFileReference; lastKnownFileType = sourcecode.c.objc; path = YKKeyMap.m; sourceTree = "<group>"; };
		7340EB522E7683FD00AF70D9 /* YKSimulator.h */ = {isa = PBXFileReference; lastKnownFileType = sourcecode.c.h; path = YKSimulator.h; sourceTree = "<group>"; };
		7340EB532E7683FD00AF70D9 /* YKSimulator.m */ = {isa = PBXFileReference; lastKnownFileType = sourcecode.c.objc; path = YKSimulator.m; sourceTree = "<group>"; };
		7340EB542E7683FD00AF70D9 /* YKTouch.h */ = {isa = PBXFileReference; lastKnownFileType = sourcecode.c.h; path = YKTouch.h; sourceTree = "<group>"; };
		7340EB552E7683FD00AF70D9 /* YKTouch.m */ = {isa = PBXFileReference; lastKnownFileType = sourcecode.c.objc; path = YKTouch.m; sourceTree = "<group>"; };
		7340EB5A2E76855800AF70D9 /* YKPortScanWIFI.h */ = {isa = PBXFileReference; lastKnownFileType = sourcecode.c.h; path = YKPortScanWIFI.h; sourceTree = "<group>"; };
		7340EB5B2E76855800AF70D9 /* YKPortScanWIFI.m */ = {isa = PBXFileReference; lastKnownFileType = sourcecode.c.objc; path = YKPortScanWIFI.m; sourceTree = "<group>"; };
		7340EB5E2E76871700AF70D9 /* YKReachability.h */ = {isa = PBXFileReference; lastKnownFileType = sourcecode.c.h; path = YKReachability.h; sourceTree = "<group>"; };
		7340EB5F2E76871700AF70D9 /* YKReachability.m */ = {isa = PBXFileReference; lastKnownFileType = sourcecode.c.objc; path = YKReachability.m; sourceTree = "<group>"; };
		7340EB612E7687D200AF70D9 /* SystemConfiguration.framework */ = {isa = PBXFileReference; lastKnownFileType = wrapper.framework; name = SystemConfiguration.framework; path = System/Library/Frameworks/SystemConfiguration.framework; sourceTree = SDKROOT; };
		7340EB642E7688EE00AF70D9 /* YKConstants.h */ = {isa = PBXFileReference; lastKnownFileType = sourcecode.c.h; path = YKConstants.h; sourceTree = "<group>"; };
		7340EB672E768B5E00AF70D9 /* YKPortScanManager.h */ = {isa = PBXFileReference; lastKnownFileType = sourcecode.c.h; path = YKPortScanManager.h; sourceTree = "<group>"; };
		7340EB682E768B5E00AF70D9 /* YKPortScanManager.m */ = {isa = PBXFileReference; lastKnownFileType = sourcecode.c.objc; path = YKPortScanManager.m; sourceTree = "<group>"; };
		7340EB6B2E77AB3D00AF70D9 /* YKLockProcess.h */ = {isa = PBXFileReference; lastKnownFileType = sourcecode.c.h; path = YKLockProcess.h; sourceTree = "<group>"; };
		7340EB6C2E77AB3D00AF70D9 /* YKLockProcess.m */ = {isa = PBXFileReference; lastKnownFileType = sourcecode.c.objc; path = YKLockProcess.m; sourceTree = "<group>"; };
		7370CC6B2F230872009C5919 /* YKKBDManager.h */ = {isa = PBXFileReference; lastKnownFileType = sourcecode.c.h; path = YKKBDManager.h; sourceTree = "<group>"; };
		7370CC6C2F230872009C5919 /* YKKBDManager.m */ = {isa = PBXFileReference; lastKnownFileType = sourcecode.c.objc; path = YKKBDManager.m; sourceTree = "<group>"; };
		73A0BD262EDD8C3500A39757 /* YKServiceEncrypt.h */ = {isa = PBXFileReference; lastKnownFileType = sourcecode.c.h; path = YKServiceEncrypt.h; sourceTree = "<group>"; };
		73A0BD272EDD8C3500A39757 /* YKServiceEncrypt.mm */ = {isa = PBXFileReference; lastKnownFileType = sourcecode.cpp.objcpp; path = YKServiceEncrypt.mm; sourceTree = "<group>"; };
		73A0BDD52EE184BA00A39757 /* YKOrientationObserver.h */ = {isa = PBXFileReference; lastKnownFileType = sourcecode.c.h; path = YKOrientationObserver.h; sourceTree = "<group>"; };
		73A0BDD62EE184BA00A39757 /* YKOrientationObserver.m */ = {isa = PBXFileReference; lastKnownFileType = sourcecode.c.objc; path = YKOrientationObserver.m; sourceTree = "<group>"; };
		73AE0C3E2EFF7847004D8AF8 /* YKServiceModel.h */ = {isa = PBXFileReference; lastKnownFileType = sourcecode.c.h; path = YKServiceModel.h; sourceTree = "<group>"; };
		73AE0C3F2EFF7847004D8AF8 /* YKServiceModel.m */ = {isa = PBXFileReference; lastKnownFileType = sourcecode.c.objc; path = YKServiceModel.m; sourceTree = "<group>"; };
		73AFABB72EA7536B00EFDF5F /* libsqlite3.tbd */ = {isa = PBXFileReference; lastKnownFileType = "sourcecode.text-based-dylib-definition"; name = libsqlite3.tbd; path = usr/lib/libsqlite3.tbd; sourceTree = SDKROOT; };
		73DB64902E78F42D0089784C /* YKServiceShell.h */ = {isa = PBXFileReference; lastKnownFileType = sourcecode.c.h; path = YKServiceShell.h; sourceTree = "<group>"; };
		73DB64912E78F42D0089784C /* YKServiceShell.mm */ = {isa = PBXFileReference; lastKnownFileType = sourcecode.cpp.objcpp; path = YKServiceShell.mm; sourceTree = "<group>"; };
		73DB64F12E7A4B910089784C /* YKIPCKey.framework */ = {isa = PBXFileReference; explicitFileType = wrapper.framework; path = YKIPCKey.framework; sourceTree = BUILT_PRODUCTS_DIR; };
		73DB64F32E7A4B940089784C /* YKXPC.framework */ = {isa = PBXFileReference; explicitFileType = wrapper.framework; path = YKXPC.framework; sourceTree = BUILT_PRODUCTS_DIR; };
		73DB64F52E7A4BB40089784C /* YKServiceIPCController.h */ = {isa = PBXFileReference; lastKnownFileType = sourcecode.c.h; path = YKServiceIPCController.h; sourceTree = "<group>"; };
		73DB64F62E7A4BB40089784C /* YKServiceIPCController.m */ = {isa = PBXFileReference; lastKnownFileType = sourcecode.c.objc; path = YKServiceIPCController.m; sourceTree = "<group>"; };
		73DB66A12E829A940089784C /* libc++.tbd */ = {isa = PBXFileReference; lastKnownFileType = "sourcecode.text-based-dylib-definition"; name = "libc++.tbd"; path = "usr/lib/libc++.tbd"; sourceTree = SDKROOT; };
		73DB66D52E8395AA0089784C /* libiconv.tbd */ = {isa = PBXFileReference; lastKnownFileType = "sourcecode.text-based-dylib-definition"; name = libiconv.tbd; path = usr/lib/libiconv.tbd; sourceTree = SDKROOT; };
		73DB67262E84CBBA0089784C /* ImageIO.framework */ = {isa = PBXFileReference; lastKnownFileType = wrapper.framework; name = ImageIO.framework; path = System/Library/Frameworks/ImageIO.framework; sourceTree = SDKROOT; };
		73DB67282E84CBC20089784C /* CoreGraphics.framework */ = {isa = PBXFileReference; lastKnownFileType = wrapper.framework; name = CoreGraphics.framework; path = System/Library/Frameworks/CoreGraphics.framework; sourceTree = SDKROOT; };
		73DB672A2E84CBDC0089784C /* CoreImage.framework */ = {isa = PBXFileReference; lastKnownFileType = wrapper.framework; name = CoreImage.framework; path = System/Library/Frameworks/CoreImage.framework; sourceTree = SDKROOT; };
		73DB676E2E88C5850089784C /* YKFileReaderManager.h */ = {isa = PBXFileReference; lastKnownFileType = sourcecode.c.h; path = YKFileReaderManager.h; sourceTree = "<group>"; };
		73DB676F2E88C5850089784C /* YKFileReaderManager.m */ = {isa = PBXFileReference; lastKnownFileType = sourcecode.c.objc; path = YKFileReaderManager.m; sourceTree = "<group>"; };
		73DB67742E88DB1E0089784C /* YKFileDownloadSocket.h */ = {isa = PBXFileReference; lastKnownFileType = sourcecode.c.h; path = YKFileDownloadSocket.h; sourceTree = "<group>"; };
		73DB67752E88DB1E0089784C /* YKFileDownloadSocket.m */ = {isa = PBXFileReference; lastKnownFileType = sourcecode.c.objc; path = YKFileDownloadSocket.m; sourceTree = "<group>"; };
		73DB67782E88DD310089784C /* YKFileDownloadModel.h */ = {isa = PBXFileReference; lastKnownFileType = sourcecode.c.h; path = YKFileDownloadModel.h; sourceTree = "<group>"; };
		73DB67792E88DD310089784C /* YKFileDownloadModel.m */ = {isa = PBXFileReference; lastKnownFileType = sourcecode.c.objc; path = YKFileDownloadModel.m; sourceTree = "<group>"; };
		73DB677C2E88EC1E0089784C /* YKFileUploadModel.h */ = {isa = PBXFileReference; lastKnownFileType = sourcecode.c.h; path = YKFileUploadModel.h; sourceTree = "<group>"; };
		73DB677D2E88EC1E0089784C /* YKFileUploadModel.m */ = {isa = PBXFileReference; lastKnownFileType = sourcecode.c.objc; path = YKFileUploadModel.m; sourceTree = "<group>"; };
		73DB677F2E88FAAF0089784C /* YKFileUploadSocket.h */ = {isa = PBXFileReference; lastKnownFileType = sourcecode.c.h; path = YKFileUploadSocket.h; sourceTree = "<group>"; };
		73DB67802E88FAAF0089784C /* YKFileUploadSocket.m */ = {isa = PBXFileReference; lastKnownFileType = sourcecode.c.objc; path = YKFileUploadSocket.m; sourceTree = "<group>"; };
		73DCE37B2F0F8AFA006740F4 /* YKCrashLogs.h */ = {isa = PBXFileReference; lastKnownFileType = sourcecode.c.h; path = YKCrashLogs.h; sourceTree = "<group>"; };
		73DCE37C2F0F8AFA006740F4 /* YKCrashLogs.mm */ = {isa = PBXFileReference; lastKnownFileType = sourcecode.cpp.objcpp; path = YKCrashLogs.mm; sourceTree = "<group>"; };
		800B21742EFEC6800070155F /* YKAppSafeGuard.h */ = {isa = PBXFileReference; lastKnownFileType = sourcecode.c.h; path = YKAppSafeGuard.h; sourceTree = "<group>"; };
		800B21752EFEC6800070155F /* YKAppSafeGuard.mm */ = {isa = PBXFileReference; lastKnownFileType = sourcecode.cpp.objcpp; path = YKAppSafeGuard.mm; sourceTree = "<group>"; };
		803587652E7E43E800098740 /* YKServiceTool.h */ = {isa = PBXFileReference; lastKnownFileType = sourcecode.c.h; path = YKServiceTool.h; sourceTree = "<group>"; };
		803587662E7E43E800098740 /* YKServiceTool.m */ = {isa = PBXFileReference; lastKnownFileType = sourcecode.c.objc; path = YKServiceTool.m; sourceTree = "<group>"; };
		803587682E7E8DA400098740 /* YKClientHeartBeat.h */ = {isa = PBXFileReference; lastKnownFileType = sourcecode.c.h; path = YKClientHeartBeat.h; sourceTree = "<group>"; };
		803587692E7E8DA400098740 /* YKClientHeartBeat.m */ = {isa = PBXFileReference; lastKnownFileType = sourcecode.c.objc; path = YKClientHeartBeat.m; sourceTree = "<group>"; };
		803587782E86AC4F00098740 /* YKScreenLockedStatus.h */ = {isa = PBXFileReference; lastKnownFileType = sourcecode.c.h; path = YKScreenLockedStatus.h; sourceTree = "<group>"; };
		803587792E86AC4F00098740 /* YKScreenLockedStatus.m */ = {isa = PBXFileReference; lastKnownFileType = sourcecode.c.objc; path = YKScreenLockedStatus.m; sourceTree = "<group>"; };
		803587A12E87B68A00098740 /* YKFileWriteManager.h */ = {isa = PBXFileReference; lastKnownFileType = sourcecode.c.h; path = YKFileWriteManager.h; sourceTree = "<group>"; };
		803587A22E87B68A00098740 /* YKFileWriteManager.m */ = {isa = PBXFileReference; lastKnownFileType = sourcecode.c.objc; path = YKFileWriteManager.m; sourceTree = "<group>"; };
		803587A42E87BDD700098740 /* YKFileTransferManager.h */ = {isa = PBXFileReference; lastKnownFileType = sourcecode.c.h; path = YKFileTransferManager.h; sourceTree = "<group>"; };
		803587A52E87BDD700098740 /* YKFileTransferManager.m */ = {isa = PBXFileReference; lastKnownFileType = sourcecode.c.objc; path = YKFileTransferManager.m; sourceTree = "<group>"; };
		804186092F2503CE00D223C6 /* YKListeningRingerState.h */ = {isa = PBXFileReference; lastKnownFileType = sourcecode.c.h; path = YKListeningRingerState.h; sourceTree = "<group>"; };
		8041860A2F2503CE00D223C6 /* YKListeningRingerState.m */ = {isa = PBXFileReference; lastKnownFileType = sourcecode.c.objc; path = YKListeningRingerState.m; sourceTree = "<group>"; };
		805C3E672E799C890032F8B2 /* YKClientSocket.h */ = {isa = PBXFileReference; lastKnownFileType = sourcecode.c.h; path = YKClientSocket.h; sourceTree = "<group>"; };
		805C3E682E799C890032F8B2 /* YKClientSocket.m */ = {isa = PBXFileReference; lastKnownFileType = sourcecode.c.objc; path = YKClientSocket.m; sourceTree = "<group>"; };
		805C3E6D2E799ED80032F8B2 /* YKClientSocketWIFI.h */ = {isa = PBXFileReference; lastKnownFileType = sourcecode.c.h; path = YKClientSocketWIFI.h; sourceTree = "<group>"; };
		805C3E6E2E799ED80032F8B2 /* YKClientSocketWIFI.m */ = {isa = PBXFileReference; lastKnownFileType = sourcecode.c.objc; path = YKClientSocketWIFI.m; sourceTree = "<group>"; };
		806483602E76E77D0049DFB2 /* YKScreenCapturer.h */ = {isa = PBXFileReference; lastKnownFileType = sourcecode.c.h; path = YKScreenCapturer.h; sourceTree = "<group>"; };
		806483612E76E77D0049DFB2 /* YKScreenCapturer.m */ = {isa = PBXFileReference; lastKnownFileType = sourcecode.c.objc; path = YKScreenCapturer.m; sourceTree = "<group>"; };
		8064836A2E76F3130049DFB2 /* IOSurface.framework */ = {isa = PBXFileReference; lastKnownFileType = wrapper.framework; name = IOSurface.framework; path = System/Library/Frameworks/IOSurface.framework; sourceTree = SDKROOT; };
		8064836C2E76F3340049DFB2 /* QuartzCore.framework */ = {isa = PBXFileReference; lastKnownFileType = wrapper.framework; name = QuartzCore.framework; path = System/Library/Frameworks/QuartzCore.framework; sourceTree = SDKROOT; };
		8074519A2F2CE98E00834B75 /* YKConnectionContext.h */ = {isa = PBXFileReference; lastKnownFileType = sourcecode.c.h; path = YKConnectionContext.h; sourceTree = "<group>"; };
		8074519B2F2CE98E00834B75 /* YKConnectionContext.m */ = {isa = PBXFileReference; lastKnownFileType = sourcecode.c.objc; path = YKConnectionContext.m; sourceTree = "<group>"; };
		8074519E2F2E191A00834B75 /* YKAppNetworkFix.h */ = {isa = PBXFileReference; lastKnownFileType = sourcecode.c.h; path = YKAppNetworkFix.h; sourceTree = "<group>"; };
		8074519F2F2E191A00834B75 /* YKAppNetworkFix.m */ = {isa = PBXFileReference; lastKnownFileType = sourcecode.c.objc; path = YKAppNetworkFix.m; sourceTree = "<group>"; };
		80779A012EAF65A600ED91F6 /* YKServiceScreenBufferController.h */ = {isa = PBXFileReference; lastKnownFileType = sourcecode.c.h; path = YKServiceScreenBufferController.h; sourceTree = "<group>"; };
		80779A022EAF65A600ED91F6 /* YKServiceScreenBufferController.m */ = {isa = PBXFileReference; lastKnownFileType = sourcecode.c.objc; path = YKServiceScreenBufferController.m; sourceTree = "<group>"; };
		809A25DB2E93F1AD00335266 /* YKRegexHelper.h */ = {isa = PBXFileReference; lastKnownFileType = sourcecode.c.h; path = YKRegexHelper.h; sourceTree = "<group>"; };
		809A25DC2E93F1AD00335266 /* YKRegexHelper.m */ = {isa = PBXFileReference; lastKnownFileType = sourcecode.c.objc; path = YKRegexHelper.m; sourceTree = "<group>"; };
		809A25DE2E940A1000335266 /* YKClientSocketUSB.h */ = {isa = PBXFileReference; lastKnownFileType = sourcecode.c.h; path = YKClientSocketUSB.h; sourceTree = "<group>"; };
		809A25DF2E940A1000335266 /* YKClientSocketUSB.m */ = {isa = PBXFileReference; lastKnownFileType = sourcecode.c.objc; path = YKClientSocketUSB.m; sourceTree = "<group>"; };
		809A25E12E940B3400335266 /* YKClientDeviceProtocol.h */ = {isa = PBXFileReference; lastKnownFileType = sourcecode.c.h; path = YKClientDeviceProtocol.h; sourceTree = "<group>"; };
		809A25E52E9629CB00335266 /* YKRecorder.h */ = {isa = PBXFileReference; lastKnownFileType = sourcecode.c.h; path = YKRecorder.h; sourceTree = "<group>"; };
		809A25E62E9629CB00335266 /* YKRecorder.m */ = {isa = PBXFileReference; lastKnownFileType = sourcecode.c.objc; path = YKRecorder.m; sourceTree = "<group>"; };
		809A25E82E96925B00335266 /* YKRecorderRunner.h */ = {isa = PBXFileReference; lastKnownFileType = sourcecode.c.h; path = YKRecorderRunner.h; sourceTree = "<group>"; };
		809A25E92E96925B00335266 /* YKRecorderRunner.m */ = {isa = PBXFileReference; lastKnownFileType = sourcecode.c.objc; path = YKRecorderRunner.m; sourceTree = "<group>"; };
		80A25CF22E9FD20A00060DD6 /* YKApplicationManager.h */ = {isa = PBXFileReference; lastKnownFileType = sourcecode.c.h; path = YKApplicationManager.h; sourceTree = "<group>"; };
		80A25CF32E9FD20A00060DD6 /* YKApplicationManager.mm */ = {isa = PBXFileReference; lastKnownFileType = sourcecode.cpp.objcpp; path = YKApplicationManager.mm; sourceTree = "<group>"; };
		80B76A6C2EDC031F00891851 /* YKWebSocket.h */ = {isa = PBXFileReference; lastKnownFileType = sourcecode.c.h; path = YKWebSocket.h; sourceTree = "<group>"; };
		80B76A6D2EDC031F00891851 /* YKWebSocket.m */ = {isa = PBXFileReference; lastKnownFileType = sourcecode.c.objc; path = YKWebSocket.m; sourceTree = "<group>"; };
		80B76A7C2EDC5C8D00891851 /* AVFoundation.framework */ = {isa = PBXFileReference; lastKnownFileType = wrapper.framework; name = AVFoundation.framework; path = System/Library/Frameworks/AVFoundation.framework; sourceTree = SDKROOT; };
		80B76A7E2EDC5CA700891851 /* CoreAudio.framework */ = {isa = PBXFileReference; lastKnownFileType = wrapper.framework; name = CoreAudio.framework; path = System/Library/Frameworks/CoreAudio.framework; sourceTree = SDKROOT; };
		80B76A802EDC5CF500891851 /* Network.framework */ = {isa = PBXFileReference; lastKnownFileType = wrapper.framework; name = Network.framework; path = System/Library/Frameworks/Network.framework; sourceTree = SDKROOT; };
		80C20C742EF7AA4B00773DC3 /* CryptoKit.framework */ = {isa = PBXFileReference; lastKnownFileType = wrapper.framework; name = CryptoKit.framework; path = System/Library/Frameworks/CryptoKit.framework; sourceTree = SDKROOT; };
		80C20C772EF7F6E300773DC3 /* openssl.xcframework */ = {isa = PBXFileReference; lastKnownFileType = wrapper.xcframework; path = openssl.xcframework; sourceTree = "<group>"; };
		E07CACF99021775C1FE49EC5 /* Pods-YKService.release.xcconfig */ = {isa = PBXFileReference; includeInIndex = 1; lastKnownFileType = text.xcconfig; name = "Pods-YKService.release.xcconfig"; path = "Target Support Files/Pods-YKService/Pods-YKService.release.xcconfig"; sourceTree = "<group>"; };
		F12BA82E8D905F01FC02A6C5 /* Pods-YKService.debug.xcconfig */ = {isa = PBXFileReference; includeInIndex = 1; lastKnownFileType = text.xcconfig; name = "Pods-YKService.debug.xcconfig"; path = "Target Support Files/Pods-YKService/Pods-YKService.debug.xcconfig"; sourceTree = "<group>"; };
/* End PBXFileReference section */

/* Begin PBXFrameworksBuildPhase section */
		7340EA8C2E76527300AF70D9 /* Frameworks */ = {
			isa = PBXFrameworksBuildPhase;
			buildActionMask = 2147483647;
			files = (
				80B76A812EDC5CF500891851 /* Network.framework in Frameworks */,
				73DB67292E84CBC20089784C /* CoreGraphics.framework in Frameworks */,
				80B76A7F2EDC5CA700891851 /* CoreAudio.framework in Frameworks */,
				80B76A7D2EDC5C8D00891851 /* AVFoundation.framework in Frameworks */,
				80C20C782EF7F6E300773DC3 /* openssl.xcframework in Frameworks */,
				73AFABB82EA7536B00EFDF5F /* libsqlite3.tbd in Frameworks */,
				73105E462E98BFA40057651F /* Photos.framework in Frameworks */,
				73DB672B2E84CBDC0089784C /* CoreImage.framework in Frameworks */,
				73DB67272E84CBBA0089784C /* ImageIO.framework in Frameworks */,
				73DB66D62E8395AA0089784C /* libiconv.tbd in Frameworks */,
				73DB66A22E829A940089784C /* libc++.tbd in Frameworks */,
				73DB64F42E7A4B940089784C /* YKXPC.framework in Frameworks */,
				73DB64F22E7A4B910089784C /* YKIPCKey.framework in Frameworks */,
				8064836D2E76F3340049DFB2 /* QuartzCore.framework in Frameworks */,
				8064836B2E76F3130049DFB2 /* IOSurface.framework in Frameworks */,
				7340EB622E7687D200AF70D9 /* SystemConfiguration.framework in Frameworks */,
				7340EAEE2E76582000AF70D9 /* CoreServices.framework in Frameworks */,
				7340EAEC2E76581600AF70D9 /* Foundation.framework in Frameworks */,
				7340EAEA2E76581200AF70D9 /* UIKit.framework in Frameworks */,
				7340EAE82E76580C00AF70D9 /* CoreTelephony.framework in Frameworks */,
				7340EAE62E7657F700AF70D9 /* IOKit.framework in Frameworks */,
				7340EAE42E7657F200AF70D9 /* CoreFoundation.framework in Frameworks */,
				7340EAE22E7657E700AF70D9 /* MobileCoreServices.framework in Frameworks */,
				7340EAE02E7657DF00AF70D9 /* libz.tbd in Frameworks */,
				7340EADE2E7657D900AF70D9 /* CFNetwork.framework in Frameworks */,
				7340EADC2E7657D400AF70D9 /* Security.framework in Frameworks */,
				7340EADA2E7657CE00AF70D9 /* VideoToolbox.framework in Frameworks */,
				7340EAD82E7657C600AF70D9 /* CoreVideo.framework in Frameworks */,
				7340EAD62E7657C100AF70D9 /* CoreMedia.framework in Frameworks */,
				7340EAB22E7652AA00AF70D9 /* libroothide.tbd in Frameworks */,
				55F774B89EA328AA195A28B2 /* libPods-YKService.a in Frameworks */,
			);
			runOnlyForDeploymentPostprocessing = 0;
		};
/* End PBXFrameworksBuildPhase section */

/* Begin PBXGroup section */
		73105DE62E8A4BB60057651F /* ExtractArchive */ = {
			isa = PBXGroup;
			children = (
				73105DE72E8A4BC90057651F /* YKArchive.h */,
				73105DE82E8A4BC90057651F /* YKArchive.mm */,
			);
			path = ExtractArchive;
			sourceTree = "<group>";
		};
		73105E412E98954F0057651F /* Picture */ = {
			isa = PBXGroup;
			children = (
				73105E422E9895630057651F /* YKPictureManager.h */,
				73105E432E9895630057651F /* YKPictureManager.m */,
			);
			path = Picture;
			sourceTree = "<group>";
		};
		7340EA862E76527300AF70D9 = {
			isa = PBXGroup;
			children = (
				7340EAAC2E76527800AF70D9 /* YKService */,
				7340EAD42E7657C100AF70D9 /* Frameworks */,
				7340EA902E76527300AF70D9 /* Products */,
				FF7252A2D21837F5BB641703 /* Pods */,
			);
			sourceTree = "<group>";
		};
		7340EA902E76527300AF70D9 /* Products */ = {
			isa = PBXGroup;
			children = (
				7340EA8F2E76527300AF70D9 /* YKService.app */,
			);
			name = Products;
			sourceTree = "<group>";
		};
		7340EAAC2E76527800AF70D9 /* YKService */ = {
			isa = PBXGroup;
			children = (
				7340EAAD2E76528500AF70D9 /* Roothide */,
				7340EAC52E76557400AF70D9 /* Kit */,
				7340EABB2E7653BA00AF70D9 /* MainModule */,
				7340EAC62E7656E300AF70D9 /* VideoModule */,
				7340EABA2E7653AF00AF70D9 /* RemoteModule */,
			);
			path = YKService;
			sourceTree = "<group>";
		};
		7340EAAD2E76528500AF70D9 /* Roothide */ = {
			isa = PBXGroup;
			children = (
				7340EAAE2E7652AA00AF70D9 /* libroothide.tbd */,
				7340EAAF2E7652AA00AF70D9 /* module.modulemap */,
				7340EAB02E7652AA00AF70D9 /* roothide.h */,
				7340EAB12E7652AA00AF70D9 /* stub.h */,
			);
			path = Roothide;
			sourceTree = "<group>";
		};
		7340EAB32E7652F100AF70D9 /* Logger */ = {
			isa = PBXGroup;
			children = (
				7340EAB42E76530400AF70D9 /* YKServiceLogger.h */,
				7340EAB72E76532700AF70D9 /* YKServiceFileLogger.h */,
				7340EAB82E76532700AF70D9 /* YKServiceFileLogger.m */,
			);
			path = Logger;
			sourceTree = "<group>";
		};
		7340EABA2E7653AF00AF70D9 /* RemoteModule */ = {
			isa = PBXGroup;
			children = (
				73AE0C3D2EFF7830004D8AF8 /* Model */,
				8035879A2E87865F00098740 /* File */,
				805C3E662E799C780032F8B2 /* Client */,
				7340EB592E76853B00AF70D9 /* PortScan */,
				7340EACA2E76571800AF70D9 /* Controller */,
			);
			path = RemoteModule;
			sourceTree = "<group>";
		};
		7340EABB2E7653BA00AF70D9 /* MainModule */ = {
			isa = PBXGroup;
			children = (
				7340EABC2E7653C600AF70D9 /* YKService.h */,
				7340EABD2E7653C600AF70D9 /* YKService.mm */,
				7340EB6B2E77AB3D00AF70D9 /* YKLockProcess.h */,
				7340EB6C2E77AB3D00AF70D9 /* YKLockProcess.m */,
				800B21742EFEC6800070155F /* YKAppSafeGuard.h */,
				800B21752EFEC6800070155F /* YKAppSafeGuard.mm */,
				73DCE37B2F0F8AFA006740F4 /* YKCrashLogs.h */,
				73DCE37C2F0F8AFA006740F4 /* YKCrashLogs.mm */,
			);
			path = MainModule;
			sourceTree = "<group>";
		};
		7340EAC52E76557400AF70D9 /* Kit */ = {
			isa = PBXGroup;
			children = (
				8074519D2F2E18DA00834B75 /* AppNetworkFix */,
				804186082F2503BA00D223C6 /* RingerState */,
				7370CC732F246AE0009C5919 /* Kbd */,
				80C20C762EF7F6CD00773DC3 /* OpenSSL */,
				73A0BDD12EE1846800A39757 /* FBSOrientationObserver */,
				80B76A682EDC025200891851 /* WebSocket */,
				73105E412E98954F0057651F /* Picture */,
				809A25E42E9628E300335266 /* Recorder */,
				809A25DA2E93F1A400335266 /* RegexHelper */,
				73105DE62E8A4BB60057651F /* ExtractArchive */,
				803587622E7E43CC00098740 /* Help */,
				73DB648F2E78F41A0089784C /* Shell */,
				7340EB632E7688DC00AF70D9 /* Constants */,
				7340EB5D2E76870300AF70D9 /* Reachability */,
				7340EB4F2E7683E300AF70D9 /* SimulatorTouch */,
				7340EAB32E7652F100AF70D9 /* Logger */,
			);
			path = Kit;
			sourceTree = "<group>";
		};
		7340EAC62E7656E300AF70D9 /* VideoModule */ = {
			isa = PBXGroup;
			children = (
				8064835F2E76E72A0049DFB2 /* ScreenCapturer */,
				7340EAC72E7656FF00AF70D9 /* Controller */,
			);
			path = VideoModule;
			sourceTree = "<group>";
		};
		7340EAC72E7656FF00AF70D9 /* Controller */ = {
			isa = PBXGroup;
			children = (
				7340EAC22E76553F00AF70D9 /* YKServiceVideoController.h */,
				7340EAC32E76553F00AF70D9 /* YKServiceVideoController.m */,
				80779A012EAF65A600ED91F6 /* YKServiceScreenBufferController.h */,
				80779A022EAF65A600ED91F6 /* YKServiceScreenBufferController.m */,
			);
			path = Controller;
			sourceTree = "<group>";
		};
		7340EACA2E76571800AF70D9 /* Controller */ = {
			isa = PBXGroup;
			children = (
				7340EABF2E7654BB00AF70D9 /* YKServiceRemoteController.h */,
				7340EAC02E7654BB00AF70D9 /* YKServiceRemoteController.m */,
				73DB64F52E7A4BB40089784C /* YKServiceIPCController.h */,
				73DB64F62E7A4BB40089784C /* YKServiceIPCController.m */,
			);
			path = Controller;
			sourceTree = "<group>";
		};
		7340EAD42E7657C100AF70D9 /* Frameworks */ = {
			isa = PBXGroup;
			children = (
				80C20C742EF7AA4B00773DC3 /* CryptoKit.framework */,
				80B76A802EDC5CF500891851 /* Network.framework */,
				80B76A7E2EDC5CA700891851 /* CoreAudio.framework */,
				80B76A7C2EDC5C8D00891851 /* AVFoundation.framework */,
				73AFABB72EA7536B00EFDF5F /* libsqlite3.tbd */,
				73105E452E98BFA40057651F /* Photos.framework */,
				73DB672A2E84CBDC0089784C /* CoreImage.framework */,
				73DB67282E84CBC20089784C /* CoreGraphics.framework */,
				73DB67262E84CBBA0089784C /* ImageIO.framework */,
				73DB66D52E8395AA0089784C /* libiconv.tbd */,
				73DB66A12E829A940089784C /* libc++.tbd */,
				73DB64F32E7A4B940089784C /* YKXPC.framework */,
				73DB64F12E7A4B910089784C /* YKIPCKey.framework */,
				8064836C2E76F3340049DFB2 /* QuartzCore.framework */,
				8064836A2E76F3130049DFB2 /* IOSurface.framework */,
				7340EB612E7687D200AF70D9 /* SystemConfiguration.framework */,
				7340EAED2E76582000AF70D9 /* CoreServices.framework */,
				7340EAEB2E76581600AF70D9 /* Foundation.framework */,
				7340EAE92E76581200AF70D9 /* UIKit.framework */,
				7340EAE72E76580C00AF70D9 /* CoreTelephony.framework */,
				7340EAE52E7657F700AF70D9 /* IOKit.framework */,
				7340EAE32E7657F200AF70D9 /* CoreFoundation.framework */,
				7340EAE12E7657E700AF70D9 /* MobileCoreServices.framework */,
				7340EADF2E7657DF00AF70D9 /* libz.tbd */,
				7340EADD2E7657D900AF70D9 /* CFNetwork.framework */,
				7340EADB2E7657D400AF70D9 /* Security.framework */,
				7340EAD92E7657CE00AF70D9 /* VideoToolbox.framework */,
				7340EAD72E7657C600AF70D9 /* CoreVideo.framework */,
				7340EAD52E7657C100AF70D9 /* CoreMedia.framework */,
				37A96B74FCF040F828C0D19A /* libPods-YKService.a */,
			);
			name = Frameworks;
			sourceTree = "<group>";
		};
		7340EB4F2E7683E300AF70D9 /* SimulatorTouch */ = {
			isa = PBXGroup;
			children = (
				7340EB502E7683FD00AF70D9 /* YKKeyMap.h */,
				7340EB512E7683FD00AF70D9 /* YKKeyMap.m */,
				7340EB522E7683FD00AF70D9 /* YKSimulator.h */,
				7340EB532E7683FD00AF70D9 /* YKSimulator.m */,
				7340EB542E7683FD00AF70D9 /* YKTouch.h */,
				7340EB552E7683FD00AF70D9 /* YKTouch.m */,
			);
			path = SimulatorTouch;
			sourceTree = "<group>";
		};
		7340EB592E76853B00AF70D9 /* PortScan */ = {
			isa = PBXGroup;
			children = (
				7340EB5A2E76855800AF70D9 /* YKPortScanWIFI.h */,
				7340EB5B2E76855800AF70D9 /* YKPortScanWIFI.m */,
				7340EB672E768B5E00AF70D9 /* YKPortScanManager.h */,
				7340EB682E768B5E00AF70D9 /* YKPortScanManager.m */,
			);
			path = PortScan;
			sourceTree = "<group>";
		};
		7340EB5D2E76870300AF70D9 /* Reachability */ = {
			isa = PBXGroup;
			children = (
				7340EB5E2E76871700AF70D9 /* YKReachability.h */,
				7340EB5F2E76871700AF70D9 /* YKReachability.m */,
			);
			path = Reachability;
			sourceTree = "<group>";
		};
		7340EB632E7688DC00AF70D9 /* Constants */ = {
			isa = PBXGroup;
			children = (
				7340EB642E7688EE00AF70D9 /* YKConstants.h */,
			);
			path = Constants;
			sourceTree = "<group>";
		};
		7370CC732F246AE0009C5919 /* Kbd */ = {
			isa = PBXGroup;
			children = (
				7370CC6B2F230872009C5919 /* YKKBDManager.h */,
				7370CC6C2F230872009C5919 /* YKKBDManager.m */,
			);
			path = Kbd;
			sourceTree = "<group>";
		};
		73A0BDD12EE1846800A39757 /* FBSOrientationObserver */ = {
			isa = PBXGroup;
			children = (
				73A0BDD52EE184BA00A39757 /* YKOrientationObserver.h */,
				73A0BDD62EE184BA00A39757 /* YKOrientationObserver.m */,
			);
			path = FBSOrientationObserver;
			sourceTree = "<group>";
		};
		73AE0C3D2EFF7830004D8AF8 /* Model */ = {
			isa = PBXGroup;
			children = (
				73AE0C3E2EFF7847004D8AF8 /* YKServiceModel.h */,
				73AE0C3F2EFF7847004D8AF8 /* YKServiceModel.m */,
			);
			path = Model;
			sourceTree = "<group>";
		};
		73DB648F2E78F41A0089784C /* Shell */ = {
			isa = PBXGroup;
			children = (
				73DB64902E78F42D0089784C /* YKServiceShell.h */,
				73DB64912E78F42D0089784C /* YKServiceShell.mm */,
			);
			path = Shell;
			sourceTree = "<group>";
		};
		73DB67772E88DC640089784C /* Download */ = {
			isa = PBXGroup;
			children = (
				73DB67782E88DD310089784C /* YKFileDownloadModel.h */,
				73DB67792E88DD310089784C /* YKFileDownloadModel.m */,
				73DB67742E88DB1E0089784C /* YKFileDownloadSocket.h */,
				73DB67752E88DB1E0089784C /* YKFileDownloadSocket.m */,
				803587A12E87B68A00098740 /* YKFileWriteManager.h */,
				803587A22E87B68A00098740 /* YKFileWriteManager.m */,
			);
			path = Download;
			sourceTree = "<group>";
		};
		73DB677B2E88EC010089784C /* Upload */ = {
			isa = PBXGroup;
			children = (
				73DB677C2E88EC1E0089784C /* YKFileUploadModel.h */,
				73DB677D2E88EC1E0089784C /* YKFileUploadModel.m */,
				73DB676E2E88C5850089784C /* YKFileReaderManager.h */,
				73DB676F2E88C5850089784C /* YKFileReaderManager.m */,
				73DB677F2E88FAAF0089784C /* YKFileUploadSocket.h */,
				73DB67802E88FAAF0089784C /* YKFileUploadSocket.m */,
			);
			path = Upload;
			sourceTree = "<group>";
		};
		803587622E7E43CC00098740 /* Help */ = {
			isa = PBXGroup;
			children = (
				803587652E7E43E800098740 /* YKServiceTool.h */,
				803587662E7E43E800098740 /* YKServiceTool.m */,
				803587782E86AC4F00098740 /* YKScreenLockedStatus.h */,
				803587792E86AC4F00098740 /* YKScreenLockedStatus.m */,
				80A25CF22E9FD20A00060DD6 /* YKApplicationManager.h */,
				80A25CF32E9FD20A00060DD6 /* YKApplicationManager.mm */,
				730036BC2EBB12E800E86F99 /* YKServiceIOSurface.h */,
				730036BD2EBB12E800E86F99 /* YKServiceIOSurface.m */,
				730036BF2EBB14E700E86F99 /* YKServiceFileManager.h */,
				730036C02EBB14E700E86F99 /* YKServiceFileManager.m */,
				73A0BD262EDD8C3500A39757 /* YKServiceEncrypt.h */,
				73A0BD272EDD8C3500A39757 /* YKServiceEncrypt.mm */,
			);
			path = Help;
			sourceTree = "<group>";
		};
		8035879A2E87865F00098740 /* File */ = {
			isa = PBXGroup;
			children = (
				73DB677B2E88EC010089784C /* Upload */,
				73DB67772E88DC640089784C /* Download */,
				803587A42E87BDD700098740 /* YKFileTransferManager.h */,
				803587A52E87BDD700098740 /* YKFileTransferManager.m */,
			);
			path = File;
			sourceTree = "<group>";
		};
		804186082F2503BA00D223C6 /* RingerState */ = {
			isa = PBXGroup;
			children = (
				804186092F2503CE00D223C6 /* YKListeningRingerState.h */,
				8041860A2F2503CE00D223C6 /* YKListeningRingerState.m */,
			);
			path = RingerState;
			sourceTree = "<group>";
		};
		805C3E662E799C780032F8B2 /* Client */ = {
			isa = PBXGroup;
			children = (
				805C3E672E799C890032F8B2 /* YKClientSocket.h */,
				805C3E682E799C890032F8B2 /* YKClientSocket.m */,
				805C3E6D2E799ED80032F8B2 /* YKClientSocketWIFI.h */,
				805C3E6E2E799ED80032F8B2 /* YKClientSocketWIFI.m */,
				809A25DE2E940A1000335266 /* YKClientSocketUSB.h */,
				809A25DF2E940A1000335266 /* YKClientSocketUSB.m */,
				803587682E7E8DA400098740 /* YKClientHeartBeat.h */,
				803587692E7E8DA400098740 /* YKClientHeartBeat.m */,
				809A25E12E940B3400335266 /* YKClientDeviceProtocol.h */,
				8074519A2F2CE98E00834B75 /* YKConnectionContext.h */,
				8074519B2F2CE98E00834B75 /* YKConnectionContext.m */,
			);
			path = Client;
			sourceTree = "<group>";
		};
		8064835F2E76E72A0049DFB2 /* ScreenCapturer */ = {
			isa = PBXGroup;
			children = (
				806483602E76E77D0049DFB2 /* YKScreenCapturer.h */,
				806483612E76E77D0049DFB2 /* YKScreenCapturer.m */,
			);
			path = ScreenCapturer;
			sourceTree = "<group>";
		};
		8074519D2F2E18DA00834B75 /* AppNetworkFix */ = {
			isa = PBXGroup;
			children = (
				8074519E2F2E191A00834B75 /* YKAppNetworkFix.h */,
				8074519F2F2E191A00834B75 /* YKAppNetworkFix.m */,
			);
			path = AppNetworkFix;
			sourceTree = "<group>";
		};
		809A25DA2E93F1A400335266 /* RegexHelper */ = {
			isa = PBXGroup;
			children = (
				809A25DB2E93F1AD00335266 /* YKRegexHelper.h */,
				809A25DC2E93F1AD00335266 /* YKRegexHelper.m */,
			);
			path = RegexHelper;
			sourceTree = "<group>";
		};
		809A25E42E9628E300335266 /* Recorder */ = {
			isa = PBXGroup;
			children = (
				809A25E52E9629CB00335266 /* YKRecorder.h */,
				809A25E62E9629CB00335266 /* YKRecorder.m */,
				809A25E82E96925B00335266 /* YKRecorderRunner.h */,
				809A25E92E96925B00335266 /* YKRecorderRunner.m */,
			);
			path = Recorder;
			sourceTree = "<group>";
		};
		80B76A682EDC025200891851 /* WebSocket */ = {
			isa = PBXGroup;
			children = (
				80B76A6C2EDC031F00891851 /* YKWebSocket.h */,
				80B76A6D2EDC031F00891851 /* YKWebSocket.m */,
			);
			path = WebSocket;
			sourceTree = "<group>";
		};
		80C20C762EF7F6CD00773DC3 /* OpenSSL */ = {
			isa = PBXGroup;
			children = (
				80C20C772EF7F6E300773DC3 /* openssl.xcframework */,
			);
			path = OpenSSL;
			sourceTree = "<group>";
		};
		FF7252A2D21837F5BB641703 /* Pods */ = {
			isa = PBXGroup;
			children = (
				F12BA82E8D905F01FC02A6C5 /* Pods-YKService.debug.xcconfig */,
				E07CACF99021775C1FE49EC5 /* Pods-YKService.release.xcconfig */,
			);
			name = Pods;
			path = ../YKPods/Pods;
			sourceTree = "<group>";
		};
/* End PBXGroup section */

/* Begin PBXNativeTarget section */
		7340EA8E2E76527300AF70D9 /* YKService */ = {
			isa = PBXNativeTarget;
			buildConfigurationList = 7340EAA72E76527300AF70D9 /* Build configuration list for PBXNativeTarget "YKService" */;
			buildPhases = (
				B1CB3B19662DC680698F8581 /* [CP] Check Pods Manifest.lock */,
				7340EA8B2E76527300AF70D9 /* Sources */,
				7340EA8C2E76527300AF70D9 /* Frameworks */,
				7340EA8D2E76527300AF70D9 /* Resources */,
			);
			buildRules = (
			);
			dependencies = (
			);
			name = YKService;
			productName = YKService;
			productReference = 7340EA8F2E76527300AF70D9 /* YKService.app */;
			productType = "com.apple.product-type.application";
		};
/* End PBXNativeTarget section */

/* Begin PBXProject section */
		7340EA872E76527300AF70D9 /* Project object */ = {
			isa = PBXProject;
			attributes = {
				BuildIndependentTargetsInParallel = 1;
				LastUpgradeCheck = 1610;
				TargetAttributes = {
					7340EA8E2E76527300AF70D9 = {
						CreatedOnToolsVersion = 16.1;
						LastSwiftMigration = 1640;
					};
				};
			};
			buildConfigurationList = 7340EA8A2E76527300AF70D9 /* Build configuration list for PBXProject "YKService" */;
			developmentRegion = en;
			hasScannedForEncodings = 0;
			knownRegions = (
				en,
				Base,
			);
			mainGroup = 7340EA862E76527300AF70D9;
			minimizedProjectReferenceProxies = 1;
			preferredProjectObjectVersion = 77;
			productRefGroup = 7340EA902E76527300AF70D9 /* Products */;
			projectDirPath = "";
			projectRoot = "";
			targets = (
				7340EA8E2E76527300AF70D9 /* YKService */,
			);
		};
/* End PBXProject section */

/* Begin PBXResourcesBuildPhase section */
		7340EA8D2E76527300AF70D9 /* Resources */ = {
			isa = PBXResourcesBuildPhase;
			buildActionMask = 2147483647;
			files = (
			);
			runOnlyForDeploymentPostprocessing = 0;
		};
/* End PBXResourcesBuildPhase section */

/* Begin PBXShellScriptBuildPhase section */
		B1CB3B19662DC680698F8581 /* [CP] Check Pods Manifest.lock */ = {
			isa = PBXShellScriptBuildPhase;
			buildActionMask = 2147483647;
			files = (
			);
			inputFileListPaths = (
			);
			inputPaths = (
				"${PODS_PODFILE_DIR_PATH}/Podfile.lock",
				"${PODS_ROOT}/Manifest.lock",
			);
			name = "[CP] Check Pods Manifest.lock";
			outputFileListPaths = (
			);
			outputPaths = (
				"$(DERIVED_FILE_DIR)/Pods-YKService-checkManifestLockResult.txt",
			);
			runOnlyForDeploymentPostprocessing = 0;
			shellPath = /bin/sh;
			shellScript = "diff \"${PODS_PODFILE_DIR_PATH}/Podfile.lock\" \"${PODS_ROOT}/Manifest.lock\" > /dev/null\nif [ $? != 0 ] ; then\n    # print error to STDERR\n    echo \"error: The sandbox is not in sync with the Podfile.lock. Run 'pod install' or update your CocoaPods installation.\" >&2\n    exit 1\nfi\n# This output is used by Xcode 'outputs' to avoid re-running this script phase.\necho \"SUCCESS\" > \"${SCRIPT_OUTPUT_FILE_0}\"\n";
			showEnvVarsInLog = 0;
		};
/* End PBXShellScriptBuildPhase section */

/* Begin PBXSourcesBuildPhase section */
		7340EA8B2E76527300AF70D9 /* Sources */ = {
			isa = PBXSourcesBuildPhase;
			buildActionMask = 2147483647;
			files = (
				806483622E76E77D0049DFB2 /* YKScreenCapturer.m in Sources */,
				7340EAC12E7654BB00AF70D9 /* YKServiceRemoteController.m in Sources */,
				807451A02F2E191A00834B75 /* YKAppNetworkFix.m in Sources */,
				73105DE92E8A4BC90057651F /* YKArchive.mm in Sources */,
				730036C12EBB14E700E86F99 /* YKServiceFileManager.m in Sources */,
				7340EB5C2E76855800AF70D9 /* YKPortScanWIFI.m in Sources */,
				7340EAC42E76553F00AF70D9 /* YKServiceVideoController.m in Sources */,
				8035877A2E86AC4F00098740 /* YKScreenLockedStatus.m in Sources */,
				7340EAB92E76532700AF70D9 /* YKServiceFileLogger.m in Sources */,
				73DB67702E88C5850089784C /* YKFileReaderManager.m in Sources */,
				7340EB6D2E77AB3D00AF70D9 /* YKLockProcess.m in Sources */,
				809A25E72E9629CB00335266 /* YKRecorder.m in Sources */,
				805C3E692E799C890032F8B2 /* YKClientSocket.m in Sources */,
				8035876A2E7E8DA400098740 /* YKClientHeartBeat.m in Sources */,
				7340EB602E76871700AF70D9 /* YKReachability.m in Sources */,
				809A25E02E940A1000335266 /* YKClientSocketUSB.m in Sources */,
				73AE0C402EFF7847004D8AF8 /* YKServiceModel.m in Sources */,
				80B76A6E2EDC031F00891851 /* YKWebSocket.m in Sources */,
				73DB677A2E88DD310089784C /* YKFileDownloadModel.m in Sources */,
				730036BE2EBB12E800E86F99 /* YKServiceIOSurface.m in Sources */,
				800B21762EFEC6800070155F /* YKAppSafeGuard.mm in Sources */,
				80779A032EAF65A600ED91F6 /* YKServiceScreenBufferController.m in Sources */,
				80A25CF42E9FD20A00060DD6 /* YKApplicationManager.mm in Sources */,
				73A0BD282EDD8C3500A39757 /* YKServiceEncrypt.mm in Sources */,
				7340EB692E768B5E00AF70D9 /* YKPortScanManager.m in Sources */,
				73DCE37D2F0F8AFA006740F4 /* YKCrashLogs.mm in Sources */,
				7370CC6D2F230872009C5919 /* YKKBDManager.m in Sources */,
				7340EB562E7683FD00AF70D9 /* YKSimulator.m in Sources */,
				7340EB572E7683FD00AF70D9 /* YKTouch.m in Sources */,
				73105E442E9895630057651F /* YKPictureManager.m in Sources */,
				803587672E7E43E800098740 /* YKServiceTool.m in Sources */,
				73DB677E2E88EC1E0089784C /* YKFileUploadModel.m in Sources */,
				73DB67812E88FAAF0089784C /* YKFileUploadSocket.m in Sources */,
				809A25EA2E96925B00335266 /* YKRecorderRunner.m in Sources */,
				803587A62E87BDD700098740 /* YKFileTransferManager.m in Sources */,
				803587A32E87B68A00098740 /* YKFileWriteManager.m in Sources */,
				7340EB582E7683FD00AF70D9 /* YKKeyMap.m in Sources */,
				809A25DD2E93F1AD00335266 /* YKRegexHelper.m in Sources */,
				7340EABE2E7653C600AF70D9 /* YKService.mm in Sources */,
				8041860B2F2503CE00D223C6 /* YKListeningRingerState.m in Sources */,
				73DB64922E78F42D0089784C /* YKServiceShell.mm in Sources */,
				805C3E6F2E799ED80032F8B2 /* YKClientSocketWIFI.m in Sources */,
				73DB67762E88DB1E0089784C /* YKFileDownloadSocket.m in Sources */,
				73A0BDD72EE184BA00A39757 /* YKOrientationObserver.m in Sources */,
				73DB64F72E7A4BB40089784C /* YKServiceIPCController.m in Sources */,
				8074519C2F2CE98E00834B75 /* YKConnectionContext.m in Sources */,
			);
			runOnlyForDeploymentPostprocessing = 0;
		};
/* End PBXSourcesBuildPhase section */

/* Begin XCBuildConfiguration section */
		7340EAA82E76527300AF70D9 /* Debug */ = {
			isa = XCBuildConfiguration;
			baseConfigurationReference = F12BA82E8D905F01FC02A6C5 /* Pods-YKService.debug.xcconfig */;
			buildSettings = {
				ASSETCATALOG_COMPILER_APPICON_NAME = AppIcon;
				ASSETCATALOG_COMPILER_GLOBAL_ACCENT_COLOR_NAME = AccentColor;
				CLANG_ENABLE_MODULES = NO;
				CODE_SIGN_STYLE = Automatic;
				CURRENT_PROJECT_VERSION = 1;
				DEVELOPMENT_TEAM = 74MC74A426;
				ENABLE_USER_SCRIPT_SANDBOXING = NO;
				FRAMEWORK_SEARCH_PATHS = (
					"$(inherited)",
					"$(PROJECT_DIR)/YKService/Kit/ExtractArchive",
				);
				GCC_PREPROCESSOR_DEFINITIONS = "";
				GENERATE_INFOPLIST_FILE = YES;
				HEADER_SEARCH_PATHS = (
					"$(inherited)",
					"$(SRCROOT)/include",
				);
				INFOPLIST_FILE = "";
				INFOPLIST_KEY_UIApplicationSupportsIndirectInputEvents = YES;
				INFOPLIST_KEY_UILaunchStoryboardName = LaunchScreen;
				INFOPLIST_KEY_UIMainStoryboardFile = Main;
				INFOPLIST_KEY_UISupportedInterfaceOrientations_iPad = "UIInterfaceOrientationPortrait UIInterfaceOrientationPortraitUpsideDown UIInterfaceOrientationLandscapeLeft UIInterfaceOrientationLandscapeRight";
				INFOPLIST_KEY_UISupportedInterfaceOrientations_iPhone = "UIInterfaceOrientationPortrait UIInterfaceOrientationLandscapeLeft UIInterfaceOrientationLandscapeRight";
				IPHONEOS_DEPLOYMENT_TARGET = 13.0;
				LD_RUNPATH_SEARCH_PATHS = (
					"$(inherited)",
					"@executable_path/Frameworks",
				);
				LIBRARY_SEARCH_PATHS = (
					"$(inherited)",
					"$(PROJECT_DIR)/YKService/Roothide",
					"$(PROJECT_DIR)/YKService/Kit/SimulatorTouch/lib",
				);
				MARKETING_VERSION = 1.0.0;
				OTHER_CFLAGS = "$(inherited)";
				OTHER_LDFLAGS = (
					"$(inherited)",
					"-ObjC",
					"-l\"YKRarKit\"",
					"-l\"YKZipKit\"",
					"-l\"c++\"",
					"-l\"iconv\"",
					"-l\"z\"",
					"-framework",
					"\"Security\"",
				);
				PRODUCT_BUNDLE_IDENTIFIER = com.sky.YKService;
				PRODUCT_NAME = "$(TARGET_NAME)";
				SUPPORTED_PLATFORMS = "iphoneos iphonesimulator";
				SUPPORTS_MACCATALYST = NO;
				SUPPORTS_MAC_DESIGNED_FOR_IPHONE_IPAD = NO;
				SUPPORTS_XR_DESIGNED_FOR_IPHONE_IPAD = NO;
				SWIFT_EMIT_LOC_STRINGS = YES;
				SWIFT_OPTIMIZATION_LEVEL = "-Onone";
				SWIFT_VERSION = 6.0;
				TARGETED_DEVICE_FAMILY = "1,2";
			};
			name = Debug;
		};
		7340EAA92E76527300AF70D9 /* Release */ = {
			isa = XCBuildConfiguration;
			baseConfigurationReference = E07CACF99021775C1FE49EC5 /* Pods-YKService.release.xcconfig */;
			buildSettings = {
				ASSETCATALOG_COMPILER_APPICON_NAME = AppIcon;
				ASSETCATALOG_COMPILER_GLOBAL_ACCENT_COLOR_NAME = AccentColor;
				CLANG_ENABLE_MODULES = NO;
				CODE_SIGN_STYLE = Automatic;
				CURRENT_PROJECT_VERSION = 1;
				DEVELOPMENT_TEAM = 74MC74A426;
				ENABLE_USER_SCRIPT_SANDBOXING = NO;
				FRAMEWORK_SEARCH_PATHS = (
					"$(inherited)",
					"$(PROJECT_DIR)/YKService/Kit/ExtractArchive",
				);
				GCC_PREPROCESSOR_DEFINITIONS = "$(inherited)";
				GENERATE_INFOPLIST_FILE = YES;
				HEADER_SEARCH_PATHS = (
					"$(inherited)",
					"$(SRCROOT)/include",
				);
				INFOPLIST_FILE = "";
				INFOPLIST_KEY_UIApplicationSupportsIndirectInputEvents = YES;
				INFOPLIST_KEY_UILaunchStoryboardName = LaunchScreen;
				INFOPLIST_KEY_UIMainStoryboardFile = Main;
				INFOPLIST_KEY_UISupportedInterfaceOrientations_iPad = "UIInterfaceOrientationPortrait UIInterfaceOrientationPortraitUpsideDown UIInterfaceOrientationLandscapeLeft UIInterfaceOrientationLandscapeRight";
				INFOPLIST_KEY_UISupportedInterfaceOrientations_iPhone = "UIInterfaceOrientationPortrait UIInterfaceOrientationLandscapeLeft UIInterfaceOrientationLandscapeRight";
				IPHONEOS_DEPLOYMENT_TARGET = 13.0;
				LD_RUNPATH_SEARCH_PATHS = (
					"$(inherited)",
					"@executable_path/Frameworks",
				);
				LIBRARY_SEARCH_PATHS = (
					"$(inherited)",
					"$(PROJECT_DIR)/YKService/Roothide",
					"$(PROJECT_DIR)/YKService/Kit/SimulatorTouch/lib",
				);
				MARKETING_VERSION = 1.0.0;
				OTHER_CFLAGS = "$(inherited)";
				OTHER_LDFLAGS = (
					"$(inherited)",
					"-ObjC",
					"-l\"YKRarKit\"",
					"-l\"YKZipKit\"",
					"-l\"c++\"",
					"-l\"iconv\"",
					"-l\"z\"",
					"-framework",
					"\"Security\"",
				);
				PRODUCT_BUNDLE_IDENTIFIER = com.sky.YKService;
				PRODUCT_NAME = "$(TARGET_NAME)";
				SUPPORTED_PLATFORMS = "iphoneos iphonesimulator";
				SUPPORTS_MACCATALYST = NO;
				SUPPORTS_MAC_DESIGNED_FOR_IPHONE_IPAD = NO;
				SUPPORTS_XR_DESIGNED_FOR_IPHONE_IPAD = NO;
				SWIFT_EMIT_LOC_STRINGS = YES;
				SWIFT_VERSION = 6.0;
				TARGETED_DEVICE_FAMILY = "1,2";
			};
			name = Release;
		};
		7340EAAA2E76527300AF70D9 /* Debug */ = {
			isa = XCBuildConfiguration;
			buildSettings = {
				ALWAYS_SEARCH_USER_PATHS = NO;
				ASSETCATALOG_COMPILER_GENERATE_SWIFT_ASSET_SYMBOL_EXTENSIONS = YES;
				CLANG_ANALYZER_NONNULL = YES;
				CLANG_ANALYZER_NUMBER_OBJECT_CONVERSION = YES_AGGRESSIVE;
				CLANG_CXX_LANGUAGE_STANDARD = "gnu++20";
				CLANG_ENABLE_MODULES = YES;
				CLANG_ENABLE_OBJC_ARC = YES;
				CLANG_ENABLE_OBJC_WEAK = YES;
				CLANG_WARN_BLOCK_CAPTURE_AUTORELEASING = YES;
				CLANG_WARN_BOOL_CONVERSION = YES;
				CLANG_WARN_COMMA = YES;
				CLANG_WARN_CONSTANT_CONVERSION = YES;
				CLANG_WARN_DEPRECATED_OBJC_IMPLEMENTATIONS = YES;
				CLANG_WARN_DIRECT_OBJC_ISA_USAGE = YES_ERROR;
				CLANG_WARN_DOCUMENTATION_COMMENTS = YES;
				CLANG_WARN_EMPTY_BODY = YES;
				CLANG_WARN_ENUM_CONVERSION = YES;
				CLANG_WARN_INFINITE_RECURSION = YES;
				CLANG_WARN_INT_CONVERSION = YES;
				CLANG_WARN_NON_LITERAL_NULL_CONVERSION = YES;
				CLANG_WARN_OBJC_IMPLICIT_RETAIN_SELF = YES;
				CLANG_WARN_OBJC_LITERAL_CONVERSION = YES;
				CLANG_WARN_OBJC_ROOT_CLASS = YES_ERROR;
				CLANG_WARN_QUOTED_INCLUDE_IN_FRAMEWORK_HEADER = YES;
				CLANG_WARN_RANGE_LOOP_ANALYSIS = YES;
				CLANG_WARN_STRICT_PROTOTYPES = YES;
				CLANG_WARN_SUSPICIOUS_MOVE = YES;
				CLANG_WARN_UNGUARDED_AVAILABILITY = YES_AGGRESSIVE;
				CLANG_WARN_UNREACHABLE_CODE = YES;
				CLANG_WARN__DUPLICATE_METHOD_MATCH = YES;
				COPY_PHASE_STRIP = NO;
				DEBUG_INFORMATION_FORMAT = dwarf;
				ENABLE_STRICT_OBJC_MSGSEND = YES;
				ENABLE_TESTABILITY = YES;
				ENABLE_USER_SCRIPT_SANDBOXING = YES;
				GCC_C_LANGUAGE_STANDARD = gnu17;
				GCC_DYNAMIC_NO_PIC = NO;
				GCC_NO_COMMON_BLOCKS = YES;
				GCC_OPTIMIZATION_LEVEL = 0;
				GCC_PREPROCESSOR_DEFINITIONS = (
					"DEBUG=1",
					"$(inherited)",
				);
				GCC_WARN_64_TO_32_BIT_CONVERSION = YES;
				GCC_WARN_ABOUT_RETURN_TYPE = YES_ERROR;
				GCC_WARN_UNDECLARED_SELECTOR = YES;
				GCC_WARN_UNINITIALIZED_AUTOS = YES_AGGRESSIVE;
				GCC_WARN_UNUSED_FUNCTION = YES;
				GCC_WARN_UNUSED_VARIABLE = YES;
				IPHONEOS_DEPLOYMENT_TARGET = 18.1;
				LOCALIZATION_PREFERS_STRING_CATALOGS = YES;
				MTL_ENABLE_DEBUG_INFO = INCLUDE_SOURCE;
				MTL_FAST_MATH = YES;
				ONLY_ACTIVE_ARCH = YES;
				SDKROOT = iphoneos;
			};
			name = Debug;
		};
		7340EAAB2E76527300AF70D9 /* Release */ = {
			isa = XCBuildConfiguration;
			buildSettings = {
				ALWAYS_SEARCH_USER_PATHS = NO;
				ASSETCATALOG_COMPILER_GENERATE_SWIFT_ASSET_SYMBOL_EXTENSIONS = YES;
				CLANG_ANALYZER_NONNULL = YES;
				CLANG_ANALYZER_NUMBER_OBJECT_CONVERSION = YES_AGGRESSIVE;
				CLANG_CXX_LANGUAGE_STANDARD = "gnu++20";
				CLANG_ENABLE_MODULES = YES;
				CLANG_ENABLE_OBJC_ARC = YES;
				CLANG_ENABLE_OBJC_WEAK = YES;
				CLANG_WARN_BLOCK_CAPTURE_AUTORELEASING = YES;
				CLANG_WARN_BOOL_CONVERSION = YES;
				CLANG_WARN_COMMA = YES;
				CLANG_WARN_CONSTANT_CONVERSION = YES;
				CLANG_WARN_DEPRECATED_OBJC_IMPLEMENTATIONS = YES;
				CLANG_WARN_DIRECT_OBJC_ISA_USAGE = YES_ERROR;
				CLANG_WARN_DOCUMENTATION_COMMENTS = YES;
				CLANG_WARN_EMPTY_BODY = YES;
				CLANG_WARN_ENUM_CONVERSION = YES;
				CLANG_WARN_INFINITE_RECURSION = YES;
				CLANG_WARN_INT_CONVERSION = YES;
				CLANG_WARN_NON_LITERAL_NULL_CONVERSION = YES;
				CLANG_WARN_OBJC_IMPLICIT_RETAIN_SELF = YES;
				CLANG_WARN_OBJC_LITERAL_CONVERSION = YES;
				CLANG_WARN_OBJC_ROOT_CLASS = YES_ERROR;
				CLANG_WARN_QUOTED_INCLUDE_IN_FRAMEWORK_HEADER = YES;
				CLANG_WARN_RANGE_LOOP_ANALYSIS = YES;
				CLANG_WARN_STRICT_PROTOTYPES = YES;
				CLANG_WARN_SUSPICIOUS_MOVE = YES;
				CLANG_WARN_UNGUARDED_AVAILABILITY = YES_AGGRESSIVE;
				CLANG_WARN_UNREACHABLE_CODE = YES;
				CLANG_WARN__DUPLICATE_METHOD_MATCH = YES;
				COPY_PHASE_STRIP = NO;
				DEBUG_INFORMATION_FORMAT = "dwarf-with-dsym";
				ENABLE_NS_ASSERTIONS = NO;
				ENABLE_STRICT_OBJC_MSGSEND = YES;
				ENABLE_USER_SCRIPT_SANDBOXING = YES;
				GCC_C_LANGUAGE_STANDARD = gnu17;
				GCC_NO_COMMON_BLOCKS = YES;
				GCC_WARN_64_TO_32_BIT_CONVERSION = YES;
				GCC_WARN_ABOUT_RETURN_TYPE = YES_ERROR;
				GCC_WARN_UNDECLARED_SELECTOR = YES;
				GCC_WARN_UNINITIALIZED_AUTOS = YES_AGGRESSIVE;
				GCC_WARN_UNUSED_FUNCTION = YES;
				GCC_WARN_UNUSED_VARIABLE = YES;
				IPHONEOS_DEPLOYMENT_TARGET = 18.1;
				LOCALIZATION_PREFERS_STRING_CATALOGS = YES;
				MTL_ENABLE_DEBUG_INFO = NO;
				MTL_FAST_MATH = YES;
				SDKROOT = iphoneos;
				VALIDATE_PRODUCT = YES;
			};
			name = Release;
		};
/* End XCBuildConfiguration section */

/* Begin XCConfigurationList section */
		7340EA8A2E76527300AF70D9 /* Build configuration list for PBXProject "YKService" */ = {
			isa = XCConfigurationList;
			buildConfigurations = (
				7340EAAA2E76527300AF70D9 /* Debug */,
				7340EAAB2E76527300AF70D9 /* Release */,
			);
			defaultConfigurationIsVisible = 0;
			defaultConfigurationName = Release;
		};
		7340EAA72E76527300AF70D9 /* Build configuration list for PBXNativeTarget "YKService" */ = {
			isa = XCConfigurationList;
			buildConfigurations = (
				7340EAA82E76527300AF70D9 /* Debug */,
				7340EAA92E76527300AF70D9 /* Release */,
			);
			defaultConfigurationIsVisible = 0;
			defaultConfigurationName = Release;
		};
/* End XCConfigurationList section */
	};
	rootObject = 7340EA872E76527300AF70D9 /* Project object */;
}
